
Microsoft Visual Studio Solution File, Format Version 12.00
# Visual Studio 15
VisualStudioVersion = 15.0.27130.2024
MinimumVisualStudioVersion = 10.0.40219.1
Project("{FAE04EC0-301F-11D3-BF4B-00C04F79EFBC}") = "UserProfiler", "UserProfiler\UserProfiler.csproj", "{DFFD0ACE-3053-4114-9FAF-A084074CCA5B}"
EndProject
Global
	GlobalSection(SolutionConfigurationPlatforms) = preSolution
		Debug|Any CPU = Debug|Any CPU
		Release|Any CPU = Release|Any CPU
	EndGlobalSection
	GlobalSection(ProjectConfigurationPlatforms) = postSolution
		{DFFD0ACE-3053-4114-9FAF-A084074CCA5B}.Debug|Any CPU.ActiveCfg = Debug|Any CPU
		{DFFD0ACE-3053-4114-9FAF-A084074CCA5B}.Debug|Any CPU.Build.0 = Debug|Any CPU
		{DFFD0ACE-3053-4114-9FAF-A084074CCA5B}.Release|Any CPU.ActiveCfg = Release|Any CPU
		{DFFD0ACE-3053-4114-9FAF-A084074CCA5B}.Release|Any CPU.Build.0 = Release|Any CPU
	EndGlobalSection
	GlobalSection(SolutionProperties) = preSolution
		HideSolutionNode = FALSE
	EndGlobalSection
	GlobalSection(ExtensibilityGlobals) = postSolution
		SolutionGuid = {19C85958-3FAE-4F62-A033-879F6B1184B8}
	EndGlobalSection
EndGlobal
